
Microsoft Visual Studio Solution File, Format Version 12.00
# Visual Studio 14
VisualStudioVersion = 14.0.25123.0
MinimumVisualStudioVersion = 10.0.40219.1
Project("{FAE04EC0-301F-11D3-BF4B-00C04F79EFBC}") = "NRDC_QC_SPA", "NRDC_QC_SPA\NRDC_QC_SPA.csproj", "{9603A787-7642-4C2E-B9CC-985BFB28FE49}"
EndProject
Project("{FAE04EC0-301F-11D3-BF4B-00C04F79EFBC}") = "GIDMIS", "..\..\..\..\..\..\NRDC\Nevada Research Data Center\Data Infrastructure\Data Sources\GIDMIS\GIDMIS\GIDMIS.csproj", "{C8B1E0D4-CA23-43B6-989E-63A936BC9B12}"
EndProject
Global
	GlobalSection(SolutionConfigurationPlatforms) = preSolution
		Debug|Any CPU = Debug|Any CPU
		Release|Any CPU = Release|Any CPU
	EndGlobalSection
	GlobalSection(ProjectConfigurationPlatforms) = postSolution
		{9603A787-7642-4C2E-B9CC-985BFB28FE49}.Debug|Any CPU.ActiveCfg = Debug|Any CPU
		{9603A787-7642-4C2E-B9CC-985BFB28FE49}.Debug|Any CPU.Build.0 = Debug|Any CPU
		{9603A787-7642-4C2E-B9CC-985BFB28FE49}.Release|Any CPU.ActiveCfg = Release|Any CPU
		{9603A787-7642-4C2E-B9CC-985BFB28FE49}.Release|Any CPU.Build.0 = Release|Any CPU
		{C8B1E0D4-CA23-43B6-989E-63A936BC9B12}.Debug|Any CPU.ActiveCfg = Debug|Any CPU
		{C8B1E0D4-CA23-43B6-989E-63A936BC9B12}.Debug|Any CPU.Build.0 = Debug|Any CPU
		{C8B1E0D4-CA23-43B6-989E-63A936BC9B12}.Release|Any CPU.ActiveCfg = Release|Any CPU
		{C8B1E0D4-CA23-43B6-989E-63A936BC9B12}.Release|Any CPU.Build.0 = Release|Any CPU
	EndGlobalSection
	GlobalSection(SolutionProperties) = preSolution
		HideSolutionNode = FALSE
	EndGlobalSection
	GlobalSection(TeamFoundationVersionControl) = preSolution
		SccNumberOfProjects = 1
		SccEnterpriseProvider = {4CA58AB2-18FA-4F8D-95D4-32DDF27D184C}
		SccTeamFoundationServer = https://sensor.nevada.edu/tfs/nevada%20research%20data%20center
		SccProjectUniqueName0 = ..\\..\\..\\..\\..\\..\\NRDC\\Nevada\u0020Research\u0020Data\u0020Center\\Data\u0020Infrastructure\\Data\u0020Sources\\GIDMIS\\GIDMIS\\GIDMIS.csproj
		SccProjectName0 = $/Nevada\u0020Research\u0020Data\u0020Center/Data\u0020Infrastructure/Data\u0020Sources/GIDMIS/GIDMIS
		SccAuxPath0 = https://sensor.nevada.edu/tfs/nevada%20research%20data%20center
		SccLocalPath0 = ..\\..\\..\\..\\..\\..\\NRDC\\Nevada\u0020Research\u0020Data\u0020Center\\Data\u0020Infrastructure\\Data\u0020Sources\\GIDMIS\\GIDMIS
		SccProvider0 = {4CA58AB2-18FA-4F8D-95D4-32DDF27D184C}
	EndGlobalSection
EndGlobal
